github.com/hamradiolog-net/adif/v5 v5.0.0-beta.2 h1:k0Ilso6oJ2y7/0+Rk43DQxFadZ3e/VJwixZb/+UauWA=
github.com/hamradiolog-net/adif/v5 v5.0.0-beta.2/go.mod h1:fDtiyFan7rBfIKoAcDaGiYSuW+CYchvYmfMPMna51NU=
github.com/hamradiolog-net/spec/v6 v6.0.0-beta.15 h1:reKMBhr2DEsdg3dtCWsSTPSwfkJSNWSJtsSzNikOMhA=
github.com/hamradiolog-net/spec/v6 v6.0.0-beta.15/go.mod h1:pVgHeVUKWLo733V1E6FdOHjtfVk39/TSzBL51Dcv1YY=
