github.com/farmergreg/adif/v5 v5.0.0-beta.26 h1:9qj+YafaeH8xMIPxaSVUJPnmRs2RT6bCStF691pDSmA=
github.com/farmergreg/adif/v5 v5.0.0-beta.26/go.mod h1:iZvgLA6yQwahbXBpUcZQwyUVEI/ZMetU60kpBoIKPHY=
github.com/farmergreg/spec/v6 v6.0.0-beta.33 h1:H6hsCerOM3JxgUBYYz0kt4fjp0J+Z0niN7W64ZHBVaU=
github.com/farmergreg/spec/v6 v6.0.0-beta.33/go.mod h1:SPPWP5cXZtz1f4y/Ui6R5K1ZEMgJkcVA0AEt7/IfH+I=
